
Microsoft Visual Studio Solution File, Format Version 12.00
# Visual Studio Version 17
VisualStudioVersion = 17.2.32516.85
MinimumVisualStudioVersion = 10.0.40219.1
Project("{FAE04EC0-301F-11D3-BF4B-00C04F79EFBC}") = "TccAtualizado", "TccAtualizado.csproj", "{0236AA8C-D35B-4304-99CF-7AC749CA321B}"
EndProject
Global
	GlobalSection(SolutionConfigurationPlatforms) = preSolution
		Debug|Any CPU = Debug|Any CPU
		Release|Any CPU = Release|Any CPU
	EndGlobalSection
	GlobalSection(ProjectConfigurationPlatforms) = postSolution
		{0236AA8C-D35B-4304-99CF-7AC749CA321B}.Debug|Any CPU.ActiveCfg = Debug|Any CPU
		{0236AA8C-D35B-4304-99CF-7AC749CA321B}.Debug|Any CPU.Build.0 = Debug|Any CPU
		{0236AA8C-D35B-4304-99CF-7AC749CA321B}.Release|Any CPU.ActiveCfg = Release|Any CPU
		{0236AA8C-D35B-4304-99CF-7AC749CA321B}.Release|Any CPU.Build.0 = Release|Any CPU
	EndGlobalSection
	GlobalSection(SolutionProperties) = preSolution
		HideSolutionNode = FALSE
	EndGlobalSection
	GlobalSection(ExtensibilityGlobals) = postSolution
		SolutionGuid = {951C76D3-9C2E-4C6C-BBA1-478596B6855E}
	EndGlobalSection
EndGlobal
